
Microsoft Visual Studio Solution File, Format Version 12.00
# Visual Studio Version 17
VisualStudioVersion = 17.2.32630.192
MinimumVisualStudioVersion = 10.0.40219.1
Project("{9A19103F-16F7-4668-BE54-9A1E7A4F7556}") = "PrimeiroProjeto", "PrimeiroProjeto\PrimeiroProjeto.csproj", "{0B184811-BA6B-4C6E-B0BB-437E695F5240}"
EndProject
Project("{FAE04EC0-301F-11D3-BF4B-00C04F79EFBC}") = "SaidaDeDadosCsharp", "SaidaDeDadosCsharp\SaidaDeDadosCsharp.csproj", "{0D042C03-3673-4FE7-A8C4-0D8A3E53044C}"
EndProject
Project("{FAE04EC0-301F-11D3-BF4B-00C04F79EFBC}") = "SaidaDeDadosComConcatenacao", "SaidaDeDadosComConcatenacao\SaidaDeDadosComConcatenacao.csproj", "{2032F1E1-3585-41BF-99FC-0A6B6DD739B6}"
EndProject
Project("{FAE04EC0-301F-11D3-BF4B-00C04F79EFBC}") = "ProcessamentoDeDados", "ProcessamentoDeDados\ProcessamentoDeDados.csproj", "{D76298EA-8BBE-4754-8F79-128693416D0B}"
EndProject
Project("{FAE04EC0-301F-11D3-BF4B-00C04F79EFBC}") = "ProcessamentoDeDadosExemplo2", "ProcessamentoDeDadosExemplo2\ProcessamentoDeDadosExemplo2.csproj", "{C215D7E6-4F68-4972-87F7-6F0CC5A856C6}"
EndProject
Project("{FAE04EC0-301F-11D3-BF4B-00C04F79EFBC}") = "ProcessamentoDeDadosExemplo3", "ProcessamentoDeDadosExemplo3\ProcessamentoDeDadosExemplo3.csproj", "{01D2C2BF-61FA-4004-A59E-D073DEBE9634}"
EndProject
Project("{FAE04EC0-301F-11D3-BF4B-00C04F79EFBC}") = "ProcessamentoDeDadosExemplo4", "ProcessamentoDeDadosExemplo4\ProcessamentoDeDadosExemplo4.csproj", "{02E4B077-87E5-4566-8334-6AB81DCFEC70}"
EndProject
Global
	GlobalSection(SolutionConfigurationPlatforms) = preSolution
		Debug|Any CPU = Debug|Any CPU
		Release|Any CPU = Release|Any CPU
	EndGlobalSection
	GlobalSection(ProjectConfigurationPlatforms) = postSolution
		{0B184811-BA6B-4C6E-B0BB-437E695F5240}.Debug|Any CPU.ActiveCfg = Debug|Any CPU
		{0B184811-BA6B-4C6E-B0BB-437E695F5240}.Debug|Any CPU.Build.0 = Debug|Any CPU
		{0B184811-BA6B-4C6E-B0BB-437E695F5240}.Release|Any CPU.ActiveCfg = Release|Any CPU
		{0B184811-BA6B-4C6E-B0BB-437E695F5240}.Release|Any CPU.Build.0 = Release|Any CPU
		{0D042C03-3673-4FE7-A8C4-0D8A3E53044C}.Debug|Any CPU.ActiveCfg = Debug|Any CPU
		{0D042C03-3673-4FE7-A8C4-0D8A3E53044C}.Debug|Any CPU.Build.0 = Debug|Any CPU
		{0D042C03-3673-4FE7-A8C4-0D8A3E53044C}.Release|Any CPU.ActiveCfg = Release|Any CPU
		{0D042C03-3673-4FE7-A8C4-0D8A3E53044C}.Release|Any CPU.Build.0 = Release|Any CPU
		{2032F1E1-3585-41BF-99FC-0A6B6DD739B6}.Debug|Any CPU.ActiveCfg = Debug|Any CPU
		{2032F1E1-3585-41BF-99FC-0A6B6DD739B6}.Debug|Any CPU.Build.0 = Debug|Any CPU
		{2032F1E1-3585-41BF-99FC-0A6B6DD739B6}.Release|Any CPU.ActiveCfg = Release|Any CPU
		{2032F1E1-3585-41BF-99FC-0A6B6DD739B6}.Release|Any CPU.Build.0 = Release|Any CPU
		{D76298EA-8BBE-4754-8F79-128693416D0B}.Debug|Any CPU.ActiveCfg = Debug|Any CPU
		{D76298EA-8BBE-4754-8F79-128693416D0B}.Debug|Any CPU.Build.0 = Debug|Any CPU
		{D76298EA-8BBE-4754-8F79-128693416D0B}.Release|Any CPU.ActiveCfg = Release|Any CPU
		{D76298EA-8BBE-4754-8F79-128693416D0B}.Release|Any CPU.Build.0 = Release|Any CPU
		{C215D7E6-4F68-4972-87F7-6F0CC5A856C6}.Debug|Any CPU.ActiveCfg = Debug|Any CPU
		{C215D7E6-4F68-4972-87F7-6F0CC5A856C6}.Debug|Any CPU.Build.0 = Debug|Any CPU
		{C215D7E6-4F68-4972-87F7-6F0CC5A856C6}.Release|Any CPU.ActiveCfg = Release|Any CPU
		{C215D7E6-4F68-4972-87F7-6F0CC5A856C6}.Release|Any CPU.Build.0 = Release|Any CPU
		{01D2C2BF-61FA-4004-A59E-D073DEBE9634}.Debug|Any CPU.ActiveCfg = Debug|Any CPU
		{01D2C2BF-61FA-4004-A59E-D073DEBE9634}.Debug|Any CPU.Build.0 = Debug|Any CPU
		{01D2C2BF-61FA-4004-A59E-D073DEBE9634}.Release|Any CPU.ActiveCfg = Release|Any CPU
		{01D2C2BF-61FA-4004-A59E-D073DEBE9634}.Release|Any CPU.Build.0 = Release|Any CPU
		{02E4B077-87E5-4566-8334-6AB81DCFEC70}.Debug|Any CPU.ActiveCfg = Debug|Any CPU
		{02E4B077-87E5-4566-8334-6AB81DCFEC70}.Debug|Any CPU.Build.0 = Debug|Any CPU
		{02E4B077-87E5-4566-8334-6AB81DCFEC70}.Release|Any CPU.ActiveCfg = Release|Any CPU
		{02E4B077-87E5-4566-8334-6AB81DCFEC70}.Release|Any CPU.Build.0 = Release|Any CPU
	EndGlobalSection
	GlobalSection(SolutionProperties) = preSolution
		HideSolutionNode = FALSE
	EndGlobalSection
	GlobalSection(ExtensibilityGlobals) = postSolution
		SolutionGuid = {751FE812-7AC5-435F-80BC-EC2B4B2BA430}
	EndGlobalSection
EndGlobal
